// !$*UTF8*$!
{
	archiveVersion = 1;
	classes = {
	};
	objectVersion = 56;
	objects = {

/* Begin PBXBuildFile section */
		72A8A6392A0AC13300CFE978 /* ThePokedexApp.swift in Sources */ = {isa = PBXBuildFile; fileRef = 72A8A6382A0AC13300CFE978 /* ThePokedexApp.swift */; };
		72A8A63B2A0AC13300CFE978 /* ContentView.swift in Sources */ = {isa = PBXBuildFile; fileRef = 72A8A63A2A0AC13300CFE978 /* ContentView.swift */; };
		72A8A63D2A0AC13500CFE978 /* Assets.xcassets in Resources */ = {isa = PBXBuildFile; fileRef = 72A8A63C2A0AC13500CFE978 /* Assets.xcassets */; };
		72A8A6402A0AC13500CFE978 /* Preview Assets.xcassets in Resources */ = {isa = PBXBuildFile; fileRef = 72A8A63F2A0AC13500CFE978 /* Preview Assets.xcassets */; };
		72A8A64A2A0AC1A000CFE978 /* PokemonData.swift in Sources */ = {isa = PBXBuildFile; fileRef = 72A8A6492A0AC1A000CFE978 /* PokemonData.swift */; };
		72A8A64C2A0AC1C400CFE978 /* PokemonVM.swift in Sources */ = {isa = PBXBuildFile; fileRef = 72A8A64B2A0AC1C400CFE978 /* PokemonVM.swift */; };
		72A8A64E2A0AC44A00CFE978 /* PokedexList.swift in Sources */ = {isa = PBXBuildFile; fileRef = 72A8A64D2A0AC44A00CFE978 /* PokedexList.swift */; };
		72A8A6502A0AC4D700CFE978 /* PokemonCard.swift in Sources */ = {isa = PBXBuildFile; fileRef = 72A8A64F2A0AC4D700CFE978 /* PokemonCard.swift */; };
		72A8A6522A0AC4E200CFE978 /* PokemonDetails.swift in Sources */ = {isa = PBXBuildFile; fileRef = 72A8A6512A0AC4E200CFE978 /* PokemonDetails.swift */; };
		72A8A6582A0ACF8900CFE978 /* Kingfisher in Frameworks */ = {isa = PBXBuildFile; productRef = 72A8A6572A0ACF8900CFE978 /* Kingfisher */; };
/* End PBXBuildFile section */

/* Begin PBXFileReference section */
		72A8A6352A0AC13300CFE978 /* ThePokedex.app */ = {isa = PBXFileReference; explicitFileType = wrapper.application; includeInIndex = 0; path = ThePokedex.app; sourceTree = BUILT_PRODUCTS_DIR; };
		72A8A6382A0AC13300CFE978 /* ThePokedexApp.swift */ = {isa = PBXFileReference; lastKnownFileType = sourcecode.swift; path = ThePokedexApp.swift; sourceTree = "<group>"; };
		72A8A63A2A0AC13300CFE978 /* ContentView.swift */ = {isa = PBXFileReference; lastKnownFileType = sourcecode.swift; path = ContentView.swift; sourceTree = "<group>"; };
		72A8A63C2A0AC13500CFE978 /* Assets.xcassets */ = {isa = PBXFileReference; lastKnownFileType = folder.assetcatalog; path = Assets.xcassets; sourceTree = "<group>"; };
		72A8A63F2A0AC13500CFE978 /* Preview Assets.xcassets */ = {isa = PBXFileReference; lastKnownFileType = folder.assetcatalog; path = "Preview Assets.xcassets"; sourceTree = "<group>"; };
		72A8A6492A0AC1A000CFE978 /* PokemonData.swift */ = {isa = PBXFileReference; lastKnownFileType = sourcecode.swift; path = PokemonData.swift; sourceTree = "<group>"; };
		72A8A64B2A0AC1C400CFE978 /* PokemonVM.swift */ = {isa = PBXFileReference; lastKnownFileType = sourcecode.swift; path = PokemonVM.swift; sourceTree = "<group>"; };
		72A8A64D2A0AC44A00CFE978 /* PokedexList.swift */ = {isa = PBXFileReference; lastKnownFileType = sourcecode.swift; path = PokedexList.swift; sourceTree = "<group>"; };
		72A8A64F2A0AC4D700CFE978 /* PokemonCard.swift */ = {isa = PBXFileReference; lastKnownFileType = sourcecode.swift; path = PokemonCard.swift; sourceTree = "<group>"; };
		72A8A6512A0AC4E200CFE978 /* PokemonDetails.swift */ = {isa = PBXFileReference; lastKnownFileType = sourcecode.swift; path = PokemonDetails.swift; sourceTree = "<group>"; };
/* End PBXFileReference section */

/* Begin PBXFrameworksBuildPhase section */
		72A8A6322A0AC13300CFE978 /* Frameworks */ = {
			isa = PBXFrameworksBuildPhase;
			buildActionMask = 2147483647;
			files = (
				72A8A6582A0ACF8900CFE978 /* Kingfisher in Frameworks */,
			);
			runOnlyForDeploymentPostprocessing = 0;
		};
/* End PBXFrameworksBuildPhase section */

/* Begin PBXGroup section */
		72A8A62C2A0AC13300CFE978 = {
			isa = PBXGroup;
			children = (
				72A8A6372A0AC13300CFE978 /* ThePokedex */,
				72A8A6362A0AC13300CFE978 /* Products */,
			);
			sourceTree = "<group>";
		};
		72A8A6362A0AC13300CFE978 /* Products */ = {
			isa = PBXGroup;
			children = (
				72A8A6352A0AC13300CFE978 /* ThePokedex.app */,
			);
			name = Products;
			sourceTree = "<group>";
		};
		72A8A6372A0AC13300CFE978 /* ThePokedex */ = {
			isa = PBXGroup;
			children = (
				72A8A6482A0AC17E00CFE978 /* ViewModel */,
				72A8A6472A0AC17400CFE978 /* View */,
				72A8A6462A0AC16E00CFE978 /* Model */,
				72A8A6382A0AC13300CFE978 /* ThePokedexApp.swift */,
				72A8A63A2A0AC13300CFE978 /* ContentView.swift */,
				72A8A63C2A0AC13500CFE978 /* Assets.xcassets */,
				72A8A63E2A0AC13500CFE978 /* Preview Content */,
			);
			path = ThePokedex;
			sourceTree = "<group>";
		};
		72A8A63E2A0AC13500CFE978 /* Preview Content */ = {
			isa = PBXGroup;
			children = (
				72A8A63F2A0AC13500CFE978 /* Preview Assets.xcassets */,
			);
			path = "Preview Content";
			sourceTree = "<group>";
		};
		72A8A6462A0AC16E00CFE978 /* Model */ = {
			isa = PBXGroup;
			children = (
				72A8A6492A0AC1A000CFE978 /* PokemonData.swift */,
			);
			path = Model;
			sourceTree = "<group>";
		};
		72A8A6472A0AC17400CFE978 /* View */ = {
			isa = PBXGroup;
			children = (
				72A8A64D2A0AC44A00CFE978 /* PokedexList.swift */,
				72A8A64F2A0AC4D700CFE978 /* PokemonCard.swift */,
				72A8A6512A0AC4E200CFE978 /* PokemonDetails.swift */,
			);
			path = View;
			sourceTree = "<group>";
		};
		72A8A6482A0AC17E00CFE978 /* ViewModel */ = {
			isa = PBXGroup;
			children = (
				72A8A64B2A0AC1C400CFE978 /* PokemonVM.swift */,
			);
			path = ViewModel;
			sourceTree = "<group>";
		};
/* End PBXGroup section */

/* Begin PBXNativeTarget section */
		72A8A6342A0AC13300CFE978 /* ThePokedex */ = {
			isa = PBXNativeTarget;
			buildConfigurationList = 72A8A6432A0AC13500CFE978 /* Build configuration list for PBXNativeTarget "ThePokedex" */;
			buildPhases = (
				72A8A6312A0AC13300CFE978 /* Sources */,
				72A8A6322A0AC13300CFE978 /* Frameworks */,
				72A8A6332A0AC13300CFE978 /* Resources */,
			);
			buildRules = (
			);
			dependencies = (
			);
			name = ThePokedex;
			packageProductDependencies = (
				72A8A6572A0ACF8900CFE978 /* Kingfisher */,
			);
			productName = ThePokedex;
			productReference = 72A8A6352A0AC13300CFE978 /* ThePokedex.app */;
			productType = "com.apple.product-type.application";
		};
/* End PBXNativeTarget section */

/* Begin PBXProject section */
		72A8A62D2A0AC13300CFE978 /* Project object */ = {
			isa = PBXProject;
			attributes = {
				BuildIndependentTargetsInParallel = 1;
				LastSwiftUpdateCheck = 1410;
				LastUpgradeCheck = 1410;
				TargetAttributes = {
					72A8A6342A0AC13300CFE978 = {
						CreatedOnToolsVersion = 14.1;
					};
				};
			};
			buildConfigurationList = 72A8A6302A0AC13300CFE978 /* Build configuration list for PBXProject "ThePokedex" */;
			compatibilityVersion = "Xcode 14.0";
			developmentRegion = en;
			hasScannedForEncodings = 0;
			knownRegions = (
				en,
				Base,
			);
			mainGroup = 72A8A62C2A0AC13300CFE978;
			packageReferences = (
				72A8A6562A0ACF8900CFE978 /* XCRemoteSwiftPackageReference "Kingfisher" */,
			);
			productRefGroup = 72A8A6362A0AC13300CFE978 /* Products */;
			projectDirPath = "";
			projectRoot = "";
			targets = (
				72A8A6342A0AC13300CFE978 /* ThePokedex */,
			);
		};
/* End PBXProject section */

/* Begin PBXResourcesBuildPhase section */
		72A8A6332A0AC13300CFE978 /* Resources */ = {
			isa = PBXResourcesBuildPhase;
			buildActionMask = 2147483647;
			files = (
				72A8A6402A0AC13500CFE978 /* Preview Assets.xcassets in Resources */,
				72A8A63D2A0AC13500CFE978 /* Assets.xcassets in Resources */,
			);
			runOnlyForDeploymentPostprocessing = 0;
		};
/* End PBXResourcesBuildPhase section */

/* Begin PBXSourcesBuildPhase section */
		72A8A6312A0AC13300CFE978 /* Sources */ = {
			isa = PBXSourcesBuildPhase;
			buildActionMask = 2147483647;
			files = (
				72A8A6522A0AC4E200CFE978 /* PokemonDetails.swift in Sources */,
				72A8A63B2A0AC13300CFE978 /* ContentView.swift in Sources */,
				72A8A6502A0AC4D700CFE978 /* PokemonCard.swift in Sources */,
				72A8A64A2A0AC1A000CFE978 /* PokemonData.swift in Sources */,
				72A8A64C2A0AC1C400CFE978 /* PokemonVM.swift in Sources */,
				72A8A64E2A0AC44A00CFE978 /* PokedexList.swift in Sources */,
				72A8A6392A0AC13300CFE978 /* ThePokedexApp.swift in Sources */,
			);
			runOnlyForDeploymentPostprocessing = 0;
		};
/* End PBXSourcesBuildPhase section */

/* Begin XCBuildConfiguration section */
		72A8A6412A0AC13500CFE978 /* Debug */ = {
			isa = XCBuildConfiguration;
			buildSettings = {
				ALWAYS_SEARCH_USER_PATHS = NO;
				CLANG_ANALYZER_NONNULL = YES;
				CLANG_ANALYZER_NUMBER_OBJECT_CONVERSION = YES_AGGRESSIVE;
				CLANG_CXX_LANGUAGE_STANDARD = "gnu++20";
				CLANG_ENABLE_MODULES = YES;
				CLANG_ENABLE_OBJC_ARC = YES;
				CLANG_ENABLE_OBJC_WEAK = YES;
				CLANG_WARN_BLOCK_CAPTURE_AUTORELEASING = YES;
				CLANG_WARN_BOOL_CONVERSION = YES;
				CLANG_WARN_COMMA = YES;
				CLANG_WARN_CONSTANT_CONVERSION = YES;
				CLANG_WARN_DEPRECATED_OBJC_IMPLEMENTATIONS = YES;
				CLANG_WARN_DIRECT_OBJC_ISA_USAGE = YES_ERROR;
				CLANG_WARN_DOCUMENTATION_COMMENTS = YES;
				CLANG_WARN_EMPTY_BODY = YES;
				CLANG_WARN_ENUM_CONVERSION = YES;
				CLANG_WARN_INFINITE_RECURSION = YES;
				CLANG_WARN_INT_CONVERSION = YES;
				CLANG_WARN_NON_LITERAL_NULL_CONVERSION = YES;
				CLANG_WARN_OBJC_IMPLICIT_RETAIN_SELF = YES;
				CLANG_WARN_OBJC_LITERAL_CONVERSION = YES;
				CLANG_WARN_OBJC_ROOT_CLASS = YES_ERROR;
				CLANG_WARN_QUOTED_INCLUDE_IN_FRAMEWORK_HEADER = YES;
				CLANG_WARN_RANGE_LOOP_ANALYSIS = YES;
				CLANG_WARN_STRICT_PROTOTYPES = YES;
				CLANG_WARN_SUSPICIOUS_MOVE = YES;
				CLANG_WARN_UNGUARDED_AVAILABILITY = YES_AGGRESSIVE;
				CLANG_WARN_UNREACHABLE_CODE = YES;
				CLANG_WARN__DUPLICATE_METHOD_MATCH = YES;
				COPY_PHASE_STRIP = NO;
				DEBUG_INFORMATION_FORMAT = dwarf;
				ENABLE_STRICT_OBJC_MSGSEND = YES;
				ENABLE_TESTABILITY = YES;
				GCC_C_LANGUAGE_STANDARD = gnu11;
				GCC_DYNAMIC_NO_PIC = NO;
				GCC_NO_COMMON_BLOCKS = YES;
				GCC_OPTIMIZATION_LEVEL = 0;
				GCC_PREPROCESSOR_DEFINITIONS = (
					"DEBUG=1",
					"$(inherited)",
				);
				GCC_WARN_64_TO_32_BIT_CONVERSION = YES;
				GCC_WARN_ABOUT_RETURN_TYPE = YES_ERROR;
				GCC_WARN_UNDECLARED_SELECTOR = YES;
				GCC_WARN_UNINITIALIZED_AUTOS = YES_AGGRESSIVE;
				GCC_WARN_UNUSED_FUNCTION = YES;
				GCC_WARN_UNUSED_VARIABLE = YES;
				IPHONEOS_DEPLOYMENT_TARGET = 16.1;
				MTL_ENABLE_DEBUG_INFO = INCLUDE_SOURCE;
				MTL_FAST_MATH = YES;
				ONLY_ACTIVE_ARCH = YES;
				SDKROOT = iphoneos;
				SWIFT_ACTIVE_COMPILATION_CONDITIONS = DEBUG;
				SWIFT_OPTIMIZATION_LEVEL = "-Onone";
			};
			name = Debug;
		};
		72A8A6422A0AC13500CFE978 /* Release */ = {
			isa = XCBuildConfiguration;
			buildSettings = {
				ALWAYS_SEARCH_USER_PATHS = NO;
				CLANG_ANALYZER_NONNULL = YES;
				CLANG_ANALYZER_NUMBER_OBJECT_CONVERSION = YES_AGGRESSIVE;
				CLANG_CXX_LANGUAGE_STANDARD = "gnu++20";
				CLANG_ENABLE_MODULES = YES;
				CLANG_ENABLE_OBJC_ARC = YES;
				CLANG_ENABLE_OBJC_WEAK = YES;
				CLANG_WARN_BLOCK_CAPTURE_AUTORELEASING = YES;
				CLANG_WARN_BOOL_CONVERSION = YES;
				CLANG_WARN_COMMA = YES;
				CLANG_WARN_CONSTANT_CONVERSION = YES;
				CLANG_WARN_DEPRECATED_OBJC_IMPLEMENTATIONS = YES;
				CLANG_WARN_DIRECT_OBJC_ISA_USAGE = YES_ERROR;
				CLANG_WARN_DOCUMENTATION_COMMENTS = YES;
				CLANG_WARN_EMPTY_BODY = YES;
				CLANG_WARN_ENUM_CONVERSION = YES;
				CLANG_WARN_INFINITE_RECURSION = YES;
				CLANG_WARN_INT_CONVERSION = YES;
				CLANG_WARN_NON_LITERAL_NULL_CONVERSION = YES;
				CLANG_WARN_OBJC_IMPLICIT_RETAIN_SELF = YES;
				CLANG_WARN_OBJC_LITERAL_CONVERSION = YES;
				CLANG_WARN_OBJC_ROOT_CLASS = YES_ERROR;
				CLANG_WARN_QUOTED_INCLUDE_IN_FRAMEWORK_HEADER = YES;
				CLANG_WARN_RANGE_LOOP_ANALYSIS = YES;
				CLANG_WARN_STRICT_PROTOTYPES = YES;
				CLANG_WARN_SUSPICIOUS_MOVE = YES;
				CLANG_WARN_UNGUARDED_AVAILABILITY = YES_AGGRESSIVE;
				CLANG_WARN_UNREACHABLE_CODE = YES;
				CLANG_WARN__DUPLICATE_METHOD_MATCH = YES;
				COPY_PHASE_STRIP = NO;
				DEBUG_INFORMATION_FORMAT = "dwarf-with-dsym";
				ENABLE_NS_ASSERTIONS = NO;
				ENABLE_STRICT_OBJC_MSGSEND = YES;
				GCC_C_LANGUAGE_STANDARD = gnu11;
				GCC_NO_COMMON_BLOCKS = YES;
				GCC_WARN_64_TO_32_BIT_CONVERSION = YES;
				GCC_WARN_ABOUT_RETURN_TYPE = YES_ERROR;
				GCC_WARN_UNDECLARED_SELECTOR = YES;
				GCC_WARN_UNINITIALIZED_AUTOS = YES_AGGRESSIVE;
				GCC_WARN_UNUSED_FUNCTION = YES;
				GCC_WARN_UNUSED_VARIABLE = YES;
				IPHONEOS_DEPLOYMENT_TARGET = 16.1;
				MTL_ENABLE_DEBUG_INFO = NO;
				MTL_FAST_MATH = YES;
				SDKROOT = iphoneos;
				SWIFT_COMPILATION_MODE = wholemodule;
				SWIFT_OPTIMIZATION_LEVEL = "-O";
				VALIDATE_PRODUCT = YES;
			};
			name = Release;
		};
		72A8A6442A0AC13500CFE978 /* Debug */ = {
			isa = XCBuildConfiguration;
			buildSettings = {
				ASSETCATALOG_COMPILER_APPICON_NAME = AppIcon;
				ASSETCATALOG_COMPILER_GLOBAL_ACCENT_COLOR_NAME = AccentColor;
				CODE_SIGN_STYLE = Automatic;
				CURRENT_PROJECT_VERSION = 1;
				DEVELOPMENT_ASSET_PATHS = "\"ThePokedex/Preview Content\"";
				DEVELOPMENT_TEAM = 3CX8UMTD2D;
				ENABLE_PREVIEWS = YES;
				GENERATE_INFOPLIST_FILE = YES;
				INFOPLIST_KEY_UIApplicationSceneManifest_Generation = YES;
				INFOPLIST_KEY_UIApplicationSupportsIndirectInputEvents = YES;
				INFOPLIST_KEY_UILaunchScreen_Generation = YES;
				INFOPLIST_KEY_UISupportedInterfaceOrientations = UIInterfaceOrientationPortrait;
				LD_RUNPATH_SEARCH_PATHS = (
					"$(inherited)",
					"@executable_path/Frameworks",
				);
				MARKETING_VERSION = 1.0;
				PRODUCT_BUNDLE_IDENTIFIER = com.CPW.ThePokedex;
				PRODUCT_NAME = "$(TARGET_NAME)";
				SWIFT_EMIT_LOC_STRINGS = YES;
				SWIFT_VERSION = 5.0;
				TARGETED_DEVICE_FAMILY = "1,2";
			};
			name = Debug;
		};
		72A8A6452A0AC13500CFE978 /* Release */ = {
			isa = XCBuildConfiguration;
			buildSettings = {
				ASSETCATALOG_COMPILER_APPICON_NAME = AppIcon;
				ASSETCATALOG_COMPILER_GLOBAL_ACCENT_COLOR_NAME = AccentColor;
				CODE_SIGN_STYLE = Automatic;
				CURRENT_PROJECT_VERSION = 1;
				DEVELOPMENT_ASSET_PATHS = "\"ThePokedex/Preview Content\"";
				DEVELOPMENT_TEAM = 3CX8UMTD2D;
				ENABLE_PREVIEWS = YES;
				GENERATE_INFOPLIST_FILE = YES;
				INFOPLIST_KEY_UIApplicationSceneManifest_Generation = YES;
				INFOPLIST_KEY_UIApplicationSupportsIndirectInputEvents = YES;
				INFOPLIST_KEY_UILaunchScreen_Generation = YES;
				INFOPLIST_KEY_UISupportedInterfaceOrientations = UIInterfaceOrientationPortrait;
				LD_RUNPATH_SEARCH_PATHS = (
					"$(inherited)",
					"@executable_path/Frameworks",
				);
				MARKETING_VERSION = 1.0;
				PRODUCT_BUNDLE_IDENTIFIER = com.CPW.ThePokedex;
				PRODUCT_NAME = "$(TARGET_NAME)";
				SWIFT_EMIT_LOC_STRINGS = YES;
				SWIFT_VERSION = 5.0;
				TARGETED_DEVICE_FAMILY = "1,2";
			};
			name = Release;
		};
/* End XCBuildConfiguration section */

/* Begin XCConfigurationList section */
		72A8A6302A0AC13300CFE978 /* Build configuration list for PBXProject "ThePokedex" */ = {
			isa = XCConfigurationList;
			buildConfigurations = (
				72A8A6412A0AC13500CFE978 /* Debug */,
				72A8A6422A0AC13500CFE978 /* Release */,
			);
			defaultConfigurationIsVisible = 0;
			defaultConfigurationName = Release;
		};
		72A8A6432A0AC13500CFE978 /* Build configuration list for PBXNativeTarget "ThePokedex" */ = {
			isa = XCConfigurationList;
			buildConfigurations = (
				72A8A6442A0AC13500CFE978 /* Debug */,
				72A8A6452A0AC13500CFE978 /* Release */,
			);
			defaultConfigurationIsVisible = 0;
			defaultConfigurationName = Release;
		};
/* End XCConfigurationList section */

/* Begin XCRemoteSwiftPackageReference section */
		72A8A6562A0ACF8900CFE978 /* XCRemoteSwiftPackageReference "Kingfisher" */ = {
			isa = XCRemoteSwiftPackageReference;
			repositoryURL = "https://github.com/onevcat/Kingfisher/";
			requirement = {
				branch = master;
				kind = branch;
			};
		};
/* End XCRemoteSwiftPackageReference section */

/* Begin XCSwiftPackageProductDependency section */
		72A8A6572A0ACF8900CFE978 /* Kingfisher */ = {
			isa = XCSwiftPackageProductDependency;
			package = 72A8A6562A0ACF8900CFE978 /* XCRemoteSwiftPackageReference "Kingfisher" */;
			productName = Kingfisher;
		};
/* End XCSwiftPackageProductDependency section */
	};
	rootObject = 72A8A62D2A0AC13300CFE978 /* Project object */;
}
